
Microsoft Visual Studio Solution File, Format Version 12.00
# Visual Studio Version 17
VisualStudioVersion = 17.14.36327.8
MinimumVisualStudioVersion = 10.0.40219.1
Project("{FAE04EC0-301F-11D3-BF4B-00C04F79EFBC}") = "Besic", "techrel\Besic.csproj", "{599D3296-831F-494F-8A1B-D3DC42B2762E}"
EndProject
Global
	GlobalSection(SolutionConfigurationPlatforms) = preSolution
		Debug|Any CPU = Debug|Any CPU
		Release|Any CPU = Release|Any CPU
	EndGlobalSection
	GlobalSection(ProjectConfigurationPlatforms) = postSolution
		{599D3296-831F-494F-8A1B-D3DC42B2762E}.Debug|Any CPU.ActiveCfg = Debug|Any CPU
		{599D3296-831F-494F-8A1B-D3DC42B2762E}.Debug|Any CPU.Build.0 = Debug|Any CPU
		{599D3296-831F-494F-8A1B-D3DC42B2762E}.Release|Any CPU.ActiveCfg = Release|Any CPU
		{599D3296-831F-494F-8A1B-D3DC42B2762E}.Release|Any CPU.Build.0 = Release|Any CPU
	EndGlobalSection
	GlobalSection(SolutionProperties) = preSolution
		HideSolutionNode = FALSE
	EndGlobalSection
	GlobalSection(ExtensibilityGlobals) = postSolution
		SolutionGuid = {46205AA0-3BA6-4C40-800B-AFCF3FA3C17E}
	EndGlobalSection
EndGlobal
