
Microsoft Visual Studio Solution File, Format Version 12.00
# Visual Studio Version 17
VisualStudioVersion = 17.14.36327.8 d17.14
MinimumVisualStudioVersion = 10.0.40219.1
Project("{FAE04EC0-301F-11D3-BF4B-00C04F79EFBC}") = "Delegate", "Delegate\Delegate.csproj", "{C40FEC76-E560-424F-BC7D-211FB35036BB}"
EndProject
Global
	GlobalSection(SolutionConfigurationPlatforms) = preSolution
		Debug|Any CPU = Debug|Any CPU
		Release|Any CPU = Release|Any CPU
	EndGlobalSection
	GlobalSection(ProjectConfigurationPlatforms) = postSolution
		{C40FEC76-E560-424F-BC7D-211FB35036BB}.Debug|Any CPU.ActiveCfg = Debug|Any CPU
		{C40FEC76-E560-424F-BC7D-211FB35036BB}.Debug|Any CPU.Build.0 = Debug|Any CPU
		{C40FEC76-E560-424F-BC7D-211FB35036BB}.Release|Any CPU.ActiveCfg = Release|Any CPU
		{C40FEC76-E560-424F-BC7D-211FB35036BB}.Release|Any CPU.Build.0 = Release|Any CPU
	EndGlobalSection
	GlobalSection(SolutionProperties) = preSolution
		HideSolutionNode = FALSE
	EndGlobalSection
	GlobalSection(ExtensibilityGlobals) = postSolution
		SolutionGuid = {A2E15668-F69E-4001-955D-50CD5961755B}
	EndGlobalSection
EndGlobal
