
Microsoft Visual Studio Solution File, Format Version 12.00
# Visual Studio Version 17
VisualStudioVersion = 17.14.36327.8 d17.14
MinimumVisualStudioVersion = 10.0.40219.1
Project("{FAE04EC0-301F-11D3-BF4B-00C04F79EFBC}") = "CollectionProject", "CollectionProject\CollectionProject.csproj", "{BBCA9907-5960-460A-B139-F33EC3B2E203}"
EndProject
Global
	GlobalSection(SolutionConfigurationPlatforms) = preSolution
		Debug|Any CPU = Debug|Any CPU
		Release|Any CPU = Release|Any CPU
	EndGlobalSection
	GlobalSection(ProjectConfigurationPlatforms) = postSolution
		{BBCA9907-5960-460A-B139-F33EC3B2E203}.Debug|Any CPU.ActiveCfg = Debug|Any CPU
		{BBCA9907-5960-460A-B139-F33EC3B2E203}.Debug|Any CPU.Build.0 = Debug|Any CPU
		{BBCA9907-5960-460A-B139-F33EC3B2E203}.Release|Any CPU.ActiveCfg = Release|Any CPU
		{BBCA9907-5960-460A-B139-F33EC3B2E203}.Release|Any CPU.Build.0 = Release|Any CPU
	EndGlobalSection
	GlobalSection(SolutionProperties) = preSolution
		HideSolutionNode = FALSE
	EndGlobalSection
	GlobalSection(ExtensibilityGlobals) = postSolution
		SolutionGuid = {6883EC13-97D5-4D19-BB1A-693990573856}
	EndGlobalSection
EndGlobal
