
Microsoft Visual Studio Solution File, Format Version 12.00
# Visual Studio Version 17
VisualStudioVersion = 17.14.36327.8 d17.14
MinimumVisualStudioVersion = 10.0.40219.1
Project("{FAE04EC0-301F-11D3-BF4B-00C04F79EFBC}") = "StringOpeartion", "StringOpeartion\StringOpeartion.csproj", "{B900B131-7522-4053-92D9-EE5D1AD8912E}"
EndProject
Global
	GlobalSection(SolutionConfigurationPlatforms) = preSolution
		Debug|Any CPU = Debug|Any CPU
		Release|Any CPU = Release|Any CPU
	EndGlobalSection
	GlobalSection(ProjectConfigurationPlatforms) = postSolution
		{B900B131-7522-4053-92D9-EE5D1AD8912E}.Debug|Any CPU.ActiveCfg = Debug|Any CPU
		{B900B131-7522-4053-92D9-EE5D1AD8912E}.Debug|Any CPU.Build.0 = Debug|Any CPU
		{B900B131-7522-4053-92D9-EE5D1AD8912E}.Release|Any CPU.ActiveCfg = Release|Any CPU
		{B900B131-7522-4053-92D9-EE5D1AD8912E}.Release|Any CPU.Build.0 = Release|Any CPU
	EndGlobalSection
	GlobalSection(SolutionProperties) = preSolution
		HideSolutionNode = FALSE
	EndGlobalSection
	GlobalSection(ExtensibilityGlobals) = postSolution
		SolutionGuid = {C66DE21D-F629-4B76-9A7C-B2514AB37C1F}
	EndGlobalSection
EndGlobal
