
Microsoft Visual Studio Solution File, Format Version 12.00
# Visual Studio Version 17
VisualStudioVersion = 17.14.36327.8 d17.14
MinimumVisualStudioVersion = 10.0.40219.1
Project("{FAE04EC0-301F-11D3-BF4B-00C04F79EFBC}") = "GenericMethod", "GenericMethod\GenericMethod.csproj", "{0CD4F643-4551-4291-A56A-7DA7382EFDBC}"
EndProject
Global
	GlobalSection(SolutionConfigurationPlatforms) = preSolution
		Debug|Any CPU = Debug|Any CPU
		Release|Any CPU = Release|Any CPU
	EndGlobalSection
	GlobalSection(ProjectConfigurationPlatforms) = postSolution
		{0CD4F643-4551-4291-A56A-7DA7382EFDBC}.Debug|Any CPU.ActiveCfg = Debug|Any CPU
		{0CD4F643-4551-4291-A56A-7DA7382EFDBC}.Debug|Any CPU.Build.0 = Debug|Any CPU
		{0CD4F643-4551-4291-A56A-7DA7382EFDBC}.Release|Any CPU.ActiveCfg = Release|Any CPU
		{0CD4F643-4551-4291-A56A-7DA7382EFDBC}.Release|Any CPU.Build.0 = Release|Any CPU
	EndGlobalSection
	GlobalSection(SolutionProperties) = preSolution
		HideSolutionNode = FALSE
	EndGlobalSection
	GlobalSection(ExtensibilityGlobals) = postSolution
		SolutionGuid = {4329D802-39D5-4B39-B4C1-1AACD1086FC0}
	EndGlobalSection
EndGlobal
