
Microsoft Visual Studio Solution File, Format Version 12.00
# Visual Studio Version 17
VisualStudioVersion = 17.14.36327.8 d17.14
MinimumVisualStudioVersion = 10.0.40219.1
Project("{FAE04EC0-301F-11D3-BF4B-00C04F79EFBC}") = "FileHandling", "FileHandling\FileHandling.csproj", "{4BE7FBCC-1A98-4D9C-BDC1-8409E9C60013}"
EndProject
Global
	GlobalSection(SolutionConfigurationPlatforms) = preSolution
		Debug|Any CPU = Debug|Any CPU
		Release|Any CPU = Release|Any CPU
	EndGlobalSection
	GlobalSection(ProjectConfigurationPlatforms) = postSolution
		{4BE7FBCC-1A98-4D9C-BDC1-8409E9C60013}.Debug|Any CPU.ActiveCfg = Debug|Any CPU
		{4BE7FBCC-1A98-4D9C-BDC1-8409E9C60013}.Debug|Any CPU.Build.0 = Debug|Any CPU
		{4BE7FBCC-1A98-4D9C-BDC1-8409E9C60013}.Release|Any CPU.ActiveCfg = Release|Any CPU
		{4BE7FBCC-1A98-4D9C-BDC1-8409E9C60013}.Release|Any CPU.Build.0 = Release|Any CPU
	EndGlobalSection
	GlobalSection(SolutionProperties) = preSolution
		HideSolutionNode = FALSE
	EndGlobalSection
	GlobalSection(ExtensibilityGlobals) = postSolution
		SolutionGuid = {0DC07A32-720F-4342-B693-A65A02C7C95A}
	EndGlobalSection
EndGlobal
